PODS:
  - AppsFlyerFramework (6.6.1):
    - AppsFlyerFramework/Main (= 6.6.1)
  - AppsFlyerFramework/Main (6.6.1)
  - boost-for-react-native (1.63.0)
  - BVLinearGradient (2.5.4):
    - React
  - CocoaAsyncSocket (7.6.5)
  - DoubleConversion (1.1.6)
  - FBLazyVector (0.63.4)
  - FBReactNativeSpec (0.63.4):
    - Folly (= 2020.01.13.00)
    - RCTRequired (= 0.63.4)
    - RCTTypeSafety (= 0.63.4)
    - React-Core (= 0.63.4)
    - React-jsi (= 0.63.4)
    - ReactCommon/turbomodule/core (= 0.63.4)
  - Firebase/Analytics (8.10.0):
    - Firebase/Core
  - Firebase/Auth (8.10.0):
    - Firebase/CoreOnly
    - FirebaseAuth (~> 8.10.0)
  - Firebase/Core (8.10.0):
    - Firebase/CoreOnly
    - FirebaseAnalytics (~> 8.10.0)
  - Firebase/CoreOnly (8.10.0):
    - FirebaseCore (= 8.10.0)
  - Firebase/Crashlytics (8.10.0):
    - Firebase/CoreOnly
    - FirebaseCrashlytics (~> 8.10.0)
  - Firebase/Messaging (8.10.0):
    - Firebase/CoreOnly
    - FirebaseMessaging (~> 8.10.0)
  - Firebase/Performance (8.10.0):
    - Firebase/CoreOnly
    - FirebasePerformance (~> 8.10.0)
  - Firebase/RemoteConfig (8.10.0):
    - Firebase/CoreOnly
    - FirebaseRemoteConfig (~> 8.10.0)
  - FirebaseABTesting (8.15.0):
    - FirebaseCore (~> 8.0)
  - FirebaseAnalytics (8.10.0):
    - FirebaseAnalytics/AdIdSupport (= 8.10.0)
    - FirebaseCore (~> 8.0)
    - FirebaseInstallations (~> 8.0)
    - GoogleUtilities/AppDelegateSwizzler (~> 7.6)
    - GoogleUtilities/MethodSwizzler (~> 7.6)
    - GoogleUtilities/Network (~> 7.6)
    - "GoogleUtilities/NSData+zlib (~> 7.6)"
    - nanopb (~> 2.30908.0)
  - FirebaseAnalytics/AdIdSupport (8.10.0):
    - FirebaseCore (~> 8.0)
    - FirebaseInstallations (~> 8.0)
    - GoogleAppMeasurement (= 8.10.0)
    - GoogleUtilities/AppDelegateSwizzler (~> 7.6)
    - GoogleUtilities/MethodSwizzler (~> 7.6)
    - GoogleUtilities/Network (~> 7.6)
    - "GoogleUtilities/NSData+zlib (~> 7.6)"
    - nanopb (~> 2.30908.0)
  - FirebaseAuth (8.10.0):
    - FirebaseCore (~> 8.0)
    - GoogleUtilities/AppDelegateSwizzler (~> 7.6)
    - GoogleUtilities/Environment (~> 7.6)
    - GTMSessionFetcher/Core (~> 1.5)
  - FirebaseCore (8.10.0):
    - FirebaseCoreDiagnostics (~> 8.0)
    - GoogleUtilities/Environment (~> 7.6)
    - GoogleUtilities/Logger (~> 7.6)
  - FirebaseCoreDiagnostics (8.15.0):
    - GoogleDataTransport (~> 9.1)
    - GoogleUtilities/Environment (~> 7.7)
    - GoogleUtilities/Logger (~> 7.7)
    - nanopb (~> 2.30908.0)
  - FirebaseCrashlytics (8.10.0):
    - FirebaseCore (~> 8.0)
    - FirebaseInstallations (~> 8.0)
    - GoogleDataTransport (~> 9.1)
    - GoogleUtilities/Environment (~> 7.6)
    - nanopb (~> 2.30908.0)
    - PromisesObjC (< 3.0, >= 1.2)
  - FirebaseInstallations (8.15.0):
    - FirebaseCore (~> 8.0)
    - GoogleUtilities/Environment (~> 7.7)
    - GoogleUtilities/UserDefaults (~> 7.7)
    - PromisesObjC (< 3.0, >= 1.2)
  - FirebaseMessaging (8.10.0):
    - FirebaseCore (~> 8.0)
    - FirebaseInstallations (~> 8.0)
    - GoogleDataTransport (~> 9.1)
    - GoogleUtilities/AppDelegateSwizzler (~> 7.6)
    - GoogleUtilities/Environment (~> 7.6)
    - GoogleUtilities/Reachability (~> 7.6)
    - GoogleUtilities/UserDefaults (~> 7.6)
    - nanopb (~> 2.30908.0)
  - FirebasePerformance (8.10.0):
    - FirebaseCore (~> 8.0)
    - FirebaseInstallations (~> 8.0)
    - FirebaseRemoteConfig (~> 8.0)
    - GoogleDataTransport (~> 9.1)
    - GoogleUtilities/Environment (~> 7.6)
    - GoogleUtilities/ISASwizzler (~> 7.6)
    - GoogleUtilities/MethodSwizzler (~> 7.6)
    - nanopb (~> 2.30908.0)
  - FirebaseRemoteConfig (8.10.0):
    - FirebaseABTesting (~> 8.0)
    - FirebaseCore (~> 8.0)
    - FirebaseInstallations (~> 8.0)
    - GoogleUtilities/Environment (~> 7.6)
    - "GoogleUtilities/NSData+zlib (~> 7.6)"
  - Folly (2020.01.13.00):
    - boost-for-react-native
    - DoubleConversion
    - Folly/Default (= 2020.01.13.00)
    - glog
  - Folly/Default (2020.01.13.00):
    - boost-for-react-native
    - DoubleConversion
    - glog
  - glog (0.3.5)
  - GoogleAppMeasurement (8.10.0):
    - GoogleAppMeasurement/AdIdSupport (= 8.10.0)
    - GoogleUtilities/AppDelegateSwizzler (~> 7.6)
    - GoogleUtilities/MethodSwizzler (~> 7.6)
    - GoogleUtilities/Network (~> 7.6)
    - "GoogleUtilities/NSData+zlib (~> 7.6)"
    - nanopb (~> 2.30908.0)
  - GoogleAppMeasurement/AdIdSupport (8.10.0):
    - GoogleAppMeasurement/WithoutAdIdSupport (= 8.10.0)
    - GoogleUtilities/AppDelegateSwizzler (~> 7.6)
    - GoogleUtilities/MethodSwizzler (~> 7.6)
    - GoogleUtilities/Network (~> 7.6)
    - "GoogleUtilities/NSData+zlib (~> 7.6)"
    - nanopb (~> 2.30908.0)
  - GoogleAppMeasurement/WithoutAdIdSupport (8.10.0):
    - GoogleUtilities/AppDelegateSwizzler (~> 7.6)
    - GoogleUtilities/MethodSwizzler (~> 7.6)
    - GoogleUtilities/Network (~> 7.6)
    - "GoogleUtilities/NSData+zlib (~> 7.6)"
    - nanopb (~> 2.30908.0)
  - GoogleDataTransport (9.1.4):
    - GoogleUtilities/Environment (~> 7.7)
    - nanopb (< 2.30910.0, >= 2.30908.0)
    - PromisesObjC (< 3.0, >= 1.2)
  - GoogleUtilities/AppDelegateSwizzler (7.7.0):
    - GoogleUtilities/Environment
    - GoogleUtilities/Logger
    - GoogleUtilities/Network
  - GoogleUtilities/Environment (7.7.0):
    - PromisesObjC (< 3.0, >= 1.2)
  - GoogleUtilities/ISASwizzler (7.7.0)
  - GoogleUtilities/Logger (7.7.0):
    - GoogleUtilities/Environment
  - GoogleUtilities/MethodSwizzler (7.7.0):
    - GoogleUtilities/Logger
  - GoogleUtilities/Network (7.7.0):
    - GoogleUtilities/Logger
    - "GoogleUtilities/NSData+zlib"
    - GoogleUtilities/Reachability
  - "GoogleUtilities/NSData+zlib (7.7.0)"
  - GoogleUtilities/Reachability (7.7.0):
    - GoogleUtilities/Logger
  - GoogleUtilities/UserDefaults (7.7.0):
    - GoogleUtilities/Logger
  - GTMSessionFetcher/Core (1.7.2)
  - libwebp (1.2.1):
    - libwebp/demux (= 1.2.1)
    - libwebp/mux (= 1.2.1)
    - libwebp/webp (= 1.2.1)
  - libwebp/demux (1.2.1):
    - libwebp/webp
  - libwebp/mux (1.2.1):
    - libwebp/demux
  - libwebp/webp (1.2.1)
  - lottie-ios (3.1.8)
  - lottie-react-native (4.0.2):
    - lottie-ios (~> 3.1.8)
    - React-Core
  - nanopb (2.30908.0):
    - nanopb/decode (= 2.30908.0)
    - nanopb/encode (= 2.30908.0)
  - nanopb/decode (2.30908.0)
  - nanopb/encode (2.30908.0)
  - Permission-Camera (2.2.2):
    - RNPermissions
  - Permission-FaceID (2.2.2):
    - RNPermissions
  - Permission-PhotoLibrary (2.2.2):
    - RNPermissions
  - PromisesObjC (2.1.0)
  - QBImagePickerController (3.4.0)
  - RCTRequired (0.63.4)
  - RCTTypeSafety (0.63.4):
    - FBLazyVector (= 0.63.4)
    - Folly (= 2020.01.13.00)
    - RCTRequired (= 0.63.4)
    - React-Core (= 0.63.4)
  - React (0.63.4):
    - React-Core (= 0.63.4)
    - React-Core/DevSupport (= 0.63.4)
    - React-Core/RCTWebSocket (= 0.63.4)
    - React-RCTActionSheet (= 0.63.4)
    - React-RCTAnimation (= 0.63.4)
    - React-RCTBlob (= 0.63.4)
    - React-RCTImage (= 0.63.4)
    - React-RCTLinking (= 0.63.4)
    - React-RCTNetwork (= 0.63.4)
    - React-RCTSettings (= 0.63.4)
    - React-RCTText (= 0.63.4)
    - React-RCTVibration (= 0.63.4)
  - React-callinvoker (0.63.4)
  - React-Core (0.63.4):
    - Folly (= 2020.01.13.00)
    - glog
    - React-Core/Default (= 0.63.4)
    - React-cxxreact (= 0.63.4)
    - React-jsi (= 0.63.4)
    - React-jsiexecutor (= 0.63.4)
    - Yoga
  - React-Core/CoreModulesHeaders (0.63.4):
    - Folly (= 2020.01.13.00)
    - glog
    - React-Core/Default
    - React-cxxreact (= 0.63.4)
    - React-jsi (= 0.63.4)
    - React-jsiexecutor (= 0.63.4)
    - Yoga
  - React-Core/Default (0.63.4):
    - Folly (= 2020.01.13.00)
    - glog
    - React-cxxreact (= 0.63.4)
    - React-jsi (= 0.63.4)
    - React-jsiexecutor (= 0.63.4)
    - Yoga
  - React-Core/DevSupport (0.63.4):
    - Folly (= 2020.01.13.00)
    - glog
    - React-Core/Default (= 0.63.4)
    - React-Core/RCTWebSocket (= 0.63.4)
    - React-cxxreact (= 0.63.4)
    - React-jsi (= 0.63.4)
    - React-jsiexecutor (= 0.63.4)
    - React-jsinspector (= 0.63.4)
    - Yoga
  - React-Core/RCTActionSheetHeaders (0.63.4):
    - Folly (= 2020.01.13.00)
    - glog
    - React-Core/Default
    - React-cxxreact (= 0.63.4)
    - React-jsi (= 0.63.4)
    - React-jsiexecutor (= 0.63.4)
    - Yoga
  - React-Core/RCTAnimationHeaders (0.63.4):
    - Folly (= 2020.01.13.00)
    - glog
    - React-Core/Default
    - React-cxxreact (= 0.63.4)
    - React-jsi (= 0.63.4)
    - React-jsiexecutor (= 0.63.4)
    - Yoga
  - React-Core/RCTBlobHeaders (0.63.4):
    - Folly (= 2020.01.13.00)
    - glog
    - React-Core/Default
    - React-cxxreact (= 0.63.4)
    - React-jsi (= 0.63.4)
    - React-jsiexecutor (= 0.63.4)
    - Yoga
  - React-Core/RCTImageHeaders (0.63.4):
    - Folly (= 2020.01.13.00)
    - glog
    - React-Core/Default
    - React-cxxreact (= 0.63.4)
    - React-jsi (= 0.63.4)
    - React-jsiexecutor (= 0.63.4)
    - Yoga
  - React-Core/RCTLinkingHeaders (0.63.4):
    - Folly (= 2020.01.13.00)
    - glog
    - React-Core/Default
    - React-cxxreact (= 0.63.4)
    - React-jsi (= 0.63.4)
    - React-jsiexecutor (= 0.63.4)
    - Yoga
  - React-Core/RCTNetworkHeaders (0.63.4):
    - Folly (= 2020.01.13.00)
    - glog
    - React-Core/Default
    - React-cxxreact (= 0.63.4)
    - React-jsi (= 0.63.4)
    - React-jsiexecutor (= 0.63.4)
    - Yoga
  - React-Core/RCTSettingsHeaders (0.63.4):
    - Folly (= 2020.01.13.00)
    - glog
    - React-Core/Default
    - React-cxxreact (= 0.63.4)
    - React-jsi (= 0.63.4)
    - React-jsiexecutor (= 0.63.4)
    - Yoga
  - React-Core/RCTTextHeaders (0.63.4):
    - Folly (= 2020.01.13.00)
    - glog
    - React-Core/Default
    - React-cxxreact (= 0.63.4)
    - React-jsi (= 0.63.4)
    - React-jsiexecutor (= 0.63.4)
    - Yoga
  - React-Core/RCTVibrationHeaders (0.63.4):
    - Folly (= 2020.01.13.00)
    - glog
    - React-Core/Default
    - React-cxxreact (= 0.63.4)
    - React-jsi (= 0.63.4)
    - React-jsiexecutor (= 0.63.4)
    - Yoga
  - React-Core/RCTWebSocket (0.63.4):
    - Folly (= 2020.01.13.00)
    - glog
    - React-Core/Default (= 0.63.4)
    - React-cxxreact (= 0.63.4)
    - React-jsi (= 0.63.4)
    - React-jsiexecutor (= 0.63.4)
    - Yoga
  - React-CoreModules (0.63.4):
    - FBReactNativeSpec (= 0.63.4)
    - Folly (= 2020.01.13.00)
    - RCTTypeSafety (= 0.63.4)
    - React-Core/CoreModulesHeaders (= 0.63.4)
    - React-jsi (= 0.63.4)
    - React-RCTImage (= 0.63.4)
    - ReactCommon/turbomodule/core (= 0.63.4)
  - React-cxxreact (0.63.4):
    - boost-for-react-native (= 1.63.0)
    - DoubleConversion
    - Folly (= 2020.01.13.00)
    - glog
    - React-callinvoker (= 0.63.4)
    - React-jsinspector (= 0.63.4)
  - React-jsi (0.63.4):
    - boost-for-react-native (= 1.63.0)
    - DoubleConversion
    - Folly (= 2020.01.13.00)
    - glog
    - React-jsi/Default (= 0.63.4)
  - React-jsi/Default (0.63.4):
    - boost-for-react-native (= 1.63.0)
    - DoubleConversion
    - Folly (= 2020.01.13.00)
    - glog
  - React-jsiexecutor (0.63.4):
    - DoubleConversion
    - Folly (= 2020.01.13.00)
    - glog
    - React-cxxreact (= 0.63.4)
    - React-jsi (= 0.63.4)
  - React-jsinspector (0.63.4)
  - react-native-appearance (0.3.4):
    - React
  - react-native-appsflyer (6.6.0):
    - AppsFlyerFramework (= 6.6.1)
    - React
  - react-native-background-timer (2.1.1):
    - React
  - react-native-camera (3.44.3):
    - React-Core
    - react-native-camera/RCT (= 3.44.3)
    - react-native-camera/RN (= 3.44.3)
  - react-native-camera/RCT (3.44.3):
    - React-Core
  - react-native-camera/RN (3.44.3):
    - React-Core
  - react-native-cookies (3.2.0):
    - React
  - react-native-date-picker (3.4.3):
    - React-Core
  - react-native-netinfo (5.9.10):
    - React-Core
  - react-native-notifications (3.2.1):
    - React
  - react-native-pager-view (5.4.24):
    - React-Core
  - react-native-randombytes (3.6.1):
    - React-Core
  - react-native-restart (0.0.17):
    - React
  - react-native-safe-area-context (3.4.1):
    - React-Core
  - react-native-splash-screen (3.3.0):
    - React-Core
  - react-native-udp (2.7.0):
    - CocoaAsyncSocket
    - React
  - react-native-webview (10.10.2):
    - React-Core
  - React-RCTActionSheet (0.63.4):
    - React-Core/RCTActionSheetHeaders (= 0.63.4)
  - React-RCTAnimation (0.63.4):
    - FBReactNativeSpec (= 0.63.4)
    - Folly (= 2020.01.13.00)
    - RCTTypeSafety (= 0.63.4)
    - React-Core/RCTAnimationHeaders (= 0.63.4)
    - React-jsi (= 0.63.4)
    - ReactCommon/turbomodule/core (= 0.63.4)
  - React-RCTBlob (0.63.4):
    - FBReactNativeSpec (= 0.63.4)
    - Folly (= 2020.01.13.00)
    - React-Core/RCTBlobHeaders (= 0.63.4)
    - React-Core/RCTWebSocket (= 0.63.4)
    - React-jsi (= 0.63.4)
    - React-RCTNetwork (= 0.63.4)
    - ReactCommon/turbomodule/core (= 0.63.4)
  - React-RCTImage (0.63.4):
    - FBReactNativeSpec (= 0.63.4)
    - Folly (= 2020.01.13.00)
    - RCTTypeSafety (= 0.63.4)
    - React-Core/RCTImageHeaders (= 0.63.4)
    - React-jsi (= 0.63.4)
    - React-RCTNetwork (= 0.63.4)
    - ReactCommon/turbomodule/core (= 0.63.4)
  - React-RCTLinking (0.63.4):
    - FBReactNativeSpec (= 0.63.4)
    - React-Core/RCTLinkingHeaders (= 0.63.4)
    - React-jsi (= 0.63.4)
    - ReactCommon/turbomodule/core (= 0.63.4)
  - React-RCTNetwork (0.63.4):
    - FBReactNativeSpec (= 0.63.4)
    - Folly (= 2020.01.13.00)
    - RCTTypeSafety (= 0.63.4)
    - React-Core/RCTNetworkHeaders (= 0.63.4)
    - React-jsi (= 0.63.4)
    - ReactCommon/turbomodule/core (= 0.63.4)
  - React-RCTSettings (0.63.4):
    - FBReactNativeSpec (= 0.63.4)
    - Folly (= 2020.01.13.00)
    - RCTTypeSafety (= 0.63.4)
    - React-Core/RCTSettingsHeaders (= 0.63.4)
    - React-jsi (= 0.63.4)
    - ReactCommon/turbomodule/core (= 0.63.4)
  - React-RCTText (0.63.4):
    - React-Core/RCTTextHeaders (= 0.63.4)
  - React-RCTVibration (0.63.4):
    - FBReactNativeSpec (= 0.63.4)
    - Folly (= 2020.01.13.00)
    - React-Core/RCTVibrationHeaders (= 0.63.4)
    - React-jsi (= 0.63.4)
    - ReactCommon/turbomodule/core (= 0.63.4)
  - ReactCommon/turbomodule/core (0.63.4):
    - DoubleConversion
    - Folly (= 2020.01.13.00)
    - glog
    - React-callinvoker (= 0.63.4)
    - React-Core (= 0.63.4)
    - React-cxxreact (= 0.63.4)
    - React-jsi (= 0.63.4)
  - rn-fetch-blob (0.12.0):
    - React-Core
  - RNCAsyncStorage (1.8.1):
    - React
  - RNCClipboard (1.5.1):
    - React-Core
  - RNCMaskedView (0.1.11):
    - React
  - RNColorMatrixImageFilters (5.2.14):
    - React-Core
  - RNDeviceInfo (5.6.5):
    - React
  - RNExitApp (1.1.0):
    - React
  - RNFastImage (8.3.4):
    - React-Core
    - SDWebImage (~> 5.8)
    - SDWebImageWebPCoder (~> 0.6.1)
  - RNFBAnalytics (13.1.1):
    - Firebase/Analytics (= 8.10.0)
    - React-Core
    - RNFBApp
  - RNFBApp (13.1.1):
    - Firebase/CoreOnly (= 8.10.0)
    - React-Core
  - RNFBAuth (13.1.1):
    - Firebase/Auth (= 8.10.0)
    - React-Core
    - RNFBApp
  - RNFBCrashlytics (13.1.1):
    - Firebase/Crashlytics (= 8.10.0)
    - React-Core
    - RNFBApp
  - RNFBMessaging (13.1.1):
    - Firebase/Messaging (= 8.10.0)
    - React-Core
    - RNFBApp
  - RNFBPerf (13.1.1):
    - Firebase/Performance (= 8.10.0)
    - React-Core
    - RNFBApp
  - RNFBRemoteConfig (13.1.1):
    - Firebase/RemoteConfig (= 8.10.0)
    - React-Core
    - RNFBApp
  - RNGestureHandler (1.10.3):
    - React-Core
  - RNImageCropPicker (0.26.2):
    - QBImagePickerController
    - React-Core
    - React-RCTImage
    - RSKImageCropper
  - RNInAppBrowser (3.4.0):
    - React
  - RNInstabug (10.13.0):
    - React
  - RNKeychain (8.0.0):
    - React-Core
  - RNLocalize (1.4.3):
    - React-Core
  - RNOS (1.2.6):
    - React
  - RNPermissions (2.2.2):
    - React-Core
  - RNReanimated (1.13.4):
    - React-Core
  - RNScreens (2.18.1):
    - React-Core
  - RNScrypt (1.2.1):
    - React
  - RNSentry (2.4.3):
    - React-Core
    - Sentry (= 6.1.4)
  - RNShare (1.2.1):
    - React
  - RNSVG (12.3.0):
    - React-Core
  - RNVectorIcons (6.7.0):
    - React
  - RSKImageCropper (3.0.2)
  - SDWebImage (5.10.0):
    - SDWebImage/Core (= 5.10.0)
  - SDWebImage/Core (5.10.0)
  - SDWebImageWebPCoder (0.6.1):
    - libwebp (~> 1.0)
    - SDWebImage/Core (~> 5.7)
  - Sentry (6.1.4):
    - Sentry/Core (= 6.1.4)
  - Sentry/Core (6.1.4)
  - Storyly (1.11.1):
    - SDWebImage (= 5.10.0)
  - storyly-react-native (1.11.1):
    - React
    - Storyly (= 1.11.1)
  - SwiftyGif (5.4.3)
  - TcpSockets (3.3.2):
    - CocoaAsyncSocket
    - React
  - toolbar-android (0.2.1):
    - React
  - Yoga (1.14.0)

DEPENDENCIES:
  - BVLinearGradient (from `../node_modules/react-native-linear-gradient`)
  - DoubleConversion (from `../node_modules/react-native/third-party-podspecs/DoubleConversion.podspec`)
  - FBLazyVector (from `../node_modules/react-native/Libraries/FBLazyVector`)
  - FBReactNativeSpec (from `../node_modules/react-native/Libraries/FBReactNativeSpec`)
  - Folly (from `../node_modules/react-native/third-party-podspecs/Folly.podspec`)
  - glog (from `../node_modules/react-native/third-party-podspecs/glog.podspec`)
  - lottie-ios (from `../node_modules/lottie-ios`)
  - lottie-react-native (from `../node_modules/lottie-react-native`)
  - Permission-Camera (from `../node_modules/react-native-permissions/ios/Camera.podspec`)
  - Permission-FaceID (from `../node_modules/react-native-permissions/ios/FaceID.podspec`)
  - Permission-PhotoLibrary (from `../node_modules/react-native-permissions/ios/PhotoLibrary.podspec`)
  - RCTRequired (from `../node_modules/react-native/Libraries/RCTRequired`)
  - RCTTypeSafety (from `../node_modules/react-native/Libraries/TypeSafety`)
  - React (from `../node_modules/react-native/`)
  - React-callinvoker (from `../node_modules/react-native/ReactCommon/callinvoker`)
  - React-Core (from `../node_modules/react-native/`)
  - React-Core/DevSupport (from `../node_modules/react-native/`)
  - React-Core/RCTWebSocket (from `../node_modules/react-native/`)
  - React-CoreModules (from `../node_modules/react-native/React/CoreModules`)
  - React-cxxreact (from `../node_modules/react-native/ReactCommon/cxxreact`)
  - React-jsi (from `../node_modules/react-native/ReactCommon/jsi`)
  - React-jsiexecutor (from `../node_modules/react-native/ReactCommon/jsiexecutor`)
  - React-jsinspector (from `../node_modules/react-native/ReactCommon/jsinspector`)
  - react-native-appearance (from `../node_modules/react-native-appearance`)
  - react-native-appsflyer (from `../node_modules/react-native-appsflyer`)
  - react-native-background-timer (from `../node_modules/react-native-background-timer`)
  - react-native-camera (from `../node_modules/react-native-camera`)
  - react-native-cookies (from `../node_modules/react-native-cookies/ios`)
  - react-native-date-picker (from `../node_modules/react-native-date-picker`)
  - "react-native-netinfo (from `../node_modules/@react-native-community/netinfo`)"
  - react-native-notifications (from `../node_modules/react-native-notifications`)
  - react-native-pager-view (from `../node_modules/react-native-pager-view`)
  - react-native-randombytes (from `../node_modules/react-native-randombytes`)
  - react-native-restart (from `../node_modules/react-native-restart`)
  - react-native-safe-area-context (from `../node_modules/react-native-safe-area-context`)
  - react-native-splash-screen (from `../node_modules/react-native-splash-screen`)
  - react-native-udp (from `../node_modules/react-native-udp`)
  - react-native-webview (from `../node_modules/react-native-webview`)
  - React-RCTActionSheet (from `../node_modules/react-native/Libraries/ActionSheetIOS`)
  - React-RCTAnimation (from `../node_modules/react-native/Libraries/NativeAnimation`)
  - React-RCTBlob (from `../node_modules/react-native/Libraries/Blob`)
  - React-RCTImage (from `../node_modules/react-native/Libraries/Image`)
  - React-RCTLinking (from `../node_modules/react-native/Libraries/LinkingIOS`)
  - React-RCTNetwork (from `../node_modules/react-native/Libraries/Network`)
  - React-RCTSettings (from `../node_modules/react-native/Libraries/Settings`)
  - React-RCTText (from `../node_modules/react-native/Libraries/Text`)
  - React-RCTVibration (from `../node_modules/react-native/Libraries/Vibration`)
  - ReactCommon/turbomodule/core (from `../node_modules/react-native/ReactCommon`)
  - rn-fetch-blob (from `../node_modules/rn-fetch-blob`)
  - "RNCAsyncStorage (from `../node_modules/@react-native-community/async-storage`)"
  - "RNCClipboard (from `../node_modules/@react-native-community/clipboard`)"
  - "RNCMaskedView (from `../node_modules/@react-native-community/masked-view`)"
  - RNColorMatrixImageFilters (from `../node_modules/react-native-color-matrix-image-filters`)
  - RNDeviceInfo (from `../node_modules/react-native-device-info`)
  - RNExitApp (from `../node_modules/react-native-exit-app`)
  - RNFastImage (from `../node_modules/react-native-fast-image`)
  - "RNFBAnalytics (from `../node_modules/@react-native-firebase/analytics`)"
  - "RNFBApp (from `../node_modules/@react-native-firebase/app`)"
  - "RNFBAuth (from `../node_modules/@react-native-firebase/auth`)"
  - "RNFBCrashlytics (from `../node_modules/@react-native-firebase/crashlytics`)"
  - "RNFBMessaging (from `../node_modules/@react-native-firebase/messaging`)"
  - "RNFBPerf (from `../node_modules/@react-native-firebase/perf`)"
  - "RNFBRemoteConfig (from `../node_modules/@react-native-firebase/remote-config`)"
  - RNGestureHandler (from `../node_modules/react-native-gesture-handler`)
  - RNImageCropPicker (from `../node_modules/react-native-image-crop-picker`)
  - RNInAppBrowser (from `../node_modules/react-native-inappbrowser-reborn`)
  - RNInstabug (from `../node_modules/instabug-reactnative`)
  - RNKeychain (from `../node_modules/react-native-keychain`)
  - RNLocalize (from `../node_modules/react-native-localize`)
  - RNOS (from `../node_modules/react-native-os`)
  - RNPermissions (from `../node_modules/react-native-permissions`)
  - RNReanimated (from `../node_modules/react-native-reanimated`)
  - RNScreens (from `../node_modules/react-native-screens`)
  - RNScrypt (from `../node_modules/react-native-scrypt`)
  - "RNSentry (from `../node_modules/@sentry/react-native`)"
  - RNShare (from `../node_modules/react-native-share`)
  - RNSVG (from `../node_modules/react-native-svg`)
  - RNVectorIcons (from `../node_modules/react-native-vector-icons`)
  - storyly-react-native (from `../node_modules/storyly-react-native`)
  - SwiftyGif
  - TcpSockets (from `../node_modules/react-native-tcp`)
  - "toolbar-android (from `../node_modules/@react-native-community/toolbar-android`)"
  - Yoga (from `../node_modules/react-native/ReactCommon/yoga`)

SPEC REPOS:
  trunk:
    - AppsFlyerFramework
    - boost-for-react-native
    - CocoaAsyncSocket
    - Firebase
    - FirebaseABTesting
    - FirebaseAnalytics
    - FirebaseAuth
    - FirebaseCore
    - FirebaseCoreDiagnostics
    - FirebaseCrashlytics
    - FirebaseInstallations
    - FirebaseMessaging
    - FirebasePerformance
    - FirebaseRemoteConfig
    - GoogleAppMeasurement
    - GoogleDataTransport
    - GoogleUtilities
    - GTMSessionFetcher
    - libwebp
    - nanopb
    - PromisesObjC
    - QBImagePickerController
    - RSKImageCropper
    - SDWebImage
    - SDWebImageWebPCoder
    - Sentry
    - Storyly
    - SwiftyGif

EXTERNAL SOURCES:
  BVLinearGradient:
    :path: "../node_modules/react-native-linear-gradient"
  DoubleConversion:
    :podspec: "../node_modules/react-native/third-party-podspecs/DoubleConversion.podspec"
  FBLazyVector:
    :path: "../node_modules/react-native/Libraries/FBLazyVector"
  FBReactNativeSpec:
    :path: "../node_modules/react-native/Libraries/FBReactNativeSpec"
  Folly:
    :podspec: "../node_modules/react-native/third-party-podspecs/Folly.podspec"
  glog:
    :podspec: "../node_modules/react-native/third-party-podspecs/glog.podspec"
  lottie-ios:
    :path: "../node_modules/lottie-ios"
  lottie-react-native:
    :path: "../node_modules/lottie-react-native"
  Permission-Camera:
    :path: "../node_modules/react-native-permissions/ios/Camera.podspec"
  Permission-FaceID:
    :path: "../node_modules/react-native-permissions/ios/FaceID.podspec"
  Permission-PhotoLibrary:
    :path: "../node_modules/react-native-permissions/ios/PhotoLibrary.podspec"
  RCTRequired:
    :path: "../node_modules/react-native/Libraries/RCTRequired"
  RCTTypeSafety:
    :path: "../node_modules/react-native/Libraries/TypeSafety"
  React:
    :path: "../node_modules/react-native/"
  React-callinvoker:
    :path: "../node_modules/react-native/ReactCommon/callinvoker"
  React-Core:
    :path: "../node_modules/react-native/"
  React-CoreModules:
    :path: "../node_modules/react-native/React/CoreModules"
  React-cxxreact:
    :path: "../node_modules/react-native/ReactCommon/cxxreact"
  React-jsi:
    :path: "../node_modules/react-native/ReactCommon/jsi"
  React-jsiexecutor:
    :path: "../node_modules/react-native/ReactCommon/jsiexecutor"
  React-jsinspector:
    :path: "../node_modules/react-native/ReactCommon/jsinspector"
  react-native-appearance:
    :path: "../node_modules/react-native-appearance"
  react-native-appsflyer:
    :path: "../node_modules/react-native-appsflyer"
  react-native-background-timer:
    :path: "../node_modules/react-native-background-timer"
  react-native-camera:
    :path: "../node_modules/react-native-camera"
  react-native-cookies:
    :path: "../node_modules/react-native-cookies/ios"
  react-native-date-picker:
    :path: "../node_modules/react-native-date-picker"
  react-native-netinfo:
    :path: "../node_modules/@react-native-community/netinfo"
  react-native-notifications:
    :path: "../node_modules/react-native-notifications"
  react-native-pager-view:
    :path: "../node_modules/react-native-pager-view"
  react-native-randombytes:
    :path: "../node_modules/react-native-randombytes"
  react-native-restart:
    :path: "../node_modules/react-native-restart"
  react-native-safe-area-context:
    :path: "../node_modules/react-native-safe-area-context"
  react-native-splash-screen:
    :path: "../node_modules/react-native-splash-screen"
  react-native-udp:
    :path: "../node_modules/react-native-udp"
  react-native-webview:
    :path: "../node_modules/react-native-webview"
  React-RCTActionSheet:
    :path: "../node_modules/react-native/Libraries/ActionSheetIOS"
  React-RCTAnimation:
    :path: "../node_modules/react-native/Libraries/NativeAnimation"
  React-RCTBlob:
    :path: "../node_modules/react-native/Libraries/Blob"
  React-RCTImage:
    :path: "../node_modules/react-native/Libraries/Image"
  React-RCTLinking:
    :path: "../node_modules/react-native/Libraries/LinkingIOS"
  React-RCTNetwork:
    :path: "../node_modules/react-native/Libraries/Network"
  React-RCTSettings:
    :path: "../node_modules/react-native/Libraries/Settings"
  React-RCTText:
    :path: "../node_modules/react-native/Libraries/Text"
  React-RCTVibration:
    :path: "../node_modules/react-native/Libraries/Vibration"
  ReactCommon:
    :path: "../node_modules/react-native/ReactCommon"
  rn-fetch-blob:
    :path: "../node_modules/rn-fetch-blob"
  RNCAsyncStorage:
    :path: "../node_modules/@react-native-community/async-storage"
  RNCClipboard:
    :path: "../node_modules/@react-native-community/clipboard"
  RNCMaskedView:
    :path: "../node_modules/@react-native-community/masked-view"
  RNColorMatrixImageFilters:
    :path: "../node_modules/react-native-color-matrix-image-filters"
  RNDeviceInfo:
    :path: "../node_modules/react-native-device-info"
  RNExitApp:
    :path: "../node_modules/react-native-exit-app"
  RNFastImage:
    :path: "../node_modules/react-native-fast-image"
  RNFBAnalytics:
    :path: "../node_modules/@react-native-firebase/analytics"
  RNFBApp:
    :path: "../node_modules/@react-native-firebase/app"
  RNFBAuth:
    :path: "../node_modules/@react-native-firebase/auth"
  RNFBCrashlytics:
    :path: "../node_modules/@react-native-firebase/crashlytics"
  RNFBMessaging:
    :path: "../node_modules/@react-native-firebase/messaging"
  RNFBPerf:
    :path: "../node_modules/@react-native-firebase/perf"
  RNFBRemoteConfig:
    :path: "../node_modules/@react-native-firebase/remote-config"
  RNGestureHandler:
    :path: "../node_modules/react-native-gesture-handler"
  RNImageCropPicker:
    :path: "../node_modules/react-native-image-crop-picker"
  RNInAppBrowser:
    :path: "../node_modules/react-native-inappbrowser-reborn"
  RNInstabug:
    :path: "../node_modules/instabug-reactnative"
  RNKeychain:
    :path: "../node_modules/react-native-keychain"
  RNLocalize:
    :path: "../node_modules/react-native-localize"
  RNOS:
    :path: "../node_modules/react-native-os"
  RNPermissions:
    :path: "../node_modules/react-native-permissions"
  RNReanimated:
    :path: "../node_modules/react-native-reanimated"
  RNScreens:
    :path: "../node_modules/react-native-screens"
  RNScrypt:
    :path: "../node_modules/react-native-scrypt"
  RNSentry:
    :path: "../node_modules/@sentry/react-native"
  RNShare:
    :path: "../node_modules/react-native-share"
  RNSVG:
    :path: "../node_modules/react-native-svg"
  RNVectorIcons:
    :path: "../node_modules/react-native-vector-icons"
  storyly-react-native:
    :path: "../node_modules/storyly-react-native"
  TcpSockets:
    :path: "../node_modules/react-native-tcp"
  toolbar-android:
    :path: "../node_modules/@react-native-community/toolbar-android"
  Yoga:
    :path: "../node_modules/react-native/ReactCommon/yoga"

SPEC CHECKSUMS:
  AppsFlyerFramework: 5e4b385a27dc6179e132b1617f76809412eb2f88
  boost-for-react-native: 39c7adb57c4e60d6c5479dd8623128eb5b3f0f2c
  BVLinearGradient: 8cbc5155c978f2e43098818c91d206d07aae6d30
  CocoaAsyncSocket: 065fd1e645c7abab64f7a6a2007a48038fdc6a99
  DoubleConversion: cde416483dac037923206447da6e1454df403714
  FBLazyVector: 3bb422f41b18121b71783a905c10e58606f7dc3e
  FBReactNativeSpec: f2c97f2529dd79c083355182cc158c9f98f4bd6e
  Firebase: 44213362f1dcc52555b935dc925ed35ac55f1b20
  FirebaseABTesting: 10cbce8db9985ae2e3847ea44e9947dd18f94e10
  FirebaseAnalytics: 319c9b3b1bdd400d60e2f415dff0c5f6959e6760
  FirebaseAuth: 59a2d2b933b5b79e18fb1e6ad230c6abdaa73d26
  FirebaseCore: 04186597c095da37d90ff9fd3e53bc61a1ff2440
  FirebaseCoreDiagnostics: 92e07a649aeb66352b319d43bdd2ee3942af84cb
  FirebaseCrashlytics: 3b7f17cdf5bf1ae6ad5956696a6c26edeb39cca7
  FirebaseInstallations: 40bd9054049b2eae9a2c38ef1c3dd213df3605cd
  FirebaseMessaging: b0aeba17332ee1ee610662b4d1e02a86db82f08f
  FirebasePerformance: 4f6d878a30f70f5ea4327c36868cd3624e762a07
  FirebaseRemoteConfig: 84d3397887d95587f0ee7a0a3989b2756dc2bbf9
  Folly: b73c3869541e86821df3c387eb0af5f65addfab4
  glog: 40a13f7840415b9a77023fbcae0f1e6f43192af3
  GoogleAppMeasurement: a3311dbcf3ea651e5a070fe8559b57c174ada081
  GoogleDataTransport: 5fffe35792f8b96ec8d6775f5eccd83c998d5a3b
  GoogleUtilities: e0913149f6b0625b553d70dae12b49fc62914fd1
  GTMSessionFetcher: 5595ec75acf5be50814f81e9189490412bad82ba
  libwebp: 98a37e597e40bfdb4c911fc98f2c53d0b12d05fc
  lottie-ios: 2e935fa7fb8271f80ec6f18ecced5a2a3e2dce45
  lottie-react-native: 4dff8fe8d10ddef9e7880e770080f4a56121397e
  nanopb: a0ba3315591a9ae0a16a309ee504766e90db0c96
  Permission-Camera: 5d2aaf95592660b6dcb5e8d1d90ed5d0156cad02
  Permission-FaceID: 8f034a57c60ed8c602d184f485a9bd524c0f98b7
  Permission-PhotoLibrary: 8227a6ed9f6a971537afe63742d54f5f23a38fe2
  PromisesObjC: 99b6f43f9e1044bd87a95a60beff28c2c44ddb72
  QBImagePickerController: d54cf93db6decf26baf6ed3472f336ef35cae022
  RCTRequired: 082f10cd3f905d6c124597fd1c14f6f2655ff65e
  RCTTypeSafety: 8c9c544ecbf20337d069e4ae7fd9a377aadf504b
  React: b0a957a2c44da4113b0c4c9853d8387f8e64e615
  React-callinvoker: c3f44dd3cb195b6aa46621fff95ded79d59043fe
  React-Core: d3b2a1ac9a2c13c3bcde712d9281fc1c8a5b315b
  React-CoreModules: 0581ff36cb797da0943d424f69e7098e43e9be60
  React-cxxreact: c1480d4fda5720086c90df537ee7d285d4c57ac3
  React-jsi: a0418934cf48f25b485631deb27c64dc40fb4c31
  React-jsiexecutor: 93bd528844ad21dc07aab1c67cb10abae6df6949
  React-jsinspector: 58aef7155bc9a9683f5b60b35eccea8722a4f53a
  react-native-appearance: 0f0e5fc2fcef70e03d48c8fe6b00b9158c2ba8aa
  react-native-appsflyer: b3ef4a825351e2ba4f302760e59dfa4262babead
  react-native-background-timer: 1b6e6b4e10f1b74c367a1fdc3c72b67c619b222b
  react-native-camera: b8cc03e2feec0c04403d0998e37cf519d8fd4c6f
  react-native-cookies: 854d59c4135c70b92a02ca4930e68e4e2eb58150
  react-native-date-picker: 201b481c94dcb7678f4712477ad026dd7793305b
  react-native-netinfo: 30fb89fa913c342be82a887b56e96be6d71201dd
  react-native-notifications: 66c59381a466cb561c4036028ef6401a6b1a8a71
  react-native-pager-view: 95d0418c3c74279840abec6926653d32447bafb6
  react-native-randombytes: 421f1c7d48c0af8dbcd471b0324393ebf8fe7846
  react-native-restart: d19a0f8d053d065fe64cd2baebb6487111c77149
  react-native-safe-area-context: 9e40fb181dac02619414ba1294d6c2a807056ab9
  react-native-splash-screen: 4312f786b13a81b5169ef346d76d33bc0c6dc457
  react-native-udp: 96a517e5a121cfe69f4b05eeeafefe00c623debf
  react-native-webview: 0aa2cde4ee7e3e1c5fffdf64dbce9c709aa18155
  React-RCTActionSheet: 89a0ca9f4a06c1f93c26067af074ccdce0f40336
  React-RCTAnimation: 1bde3ecc0c104c55df246eda516e0deb03c4e49b
  React-RCTBlob: a97d378b527740cc667e03ebfa183a75231ab0f0
  React-RCTImage: c1b1f2d3f43a4a528c8946d6092384b5c880d2f0
  React-RCTLinking: 35ae4ab9dc0410d1fcbdce4d7623194a27214fb2
  React-RCTNetwork: 29ec2696f8d8cfff7331fac83d3e893c95ef43ae
  React-RCTSettings: 60f0691bba2074ef394f95d4c2265ec284e0a46a
  React-RCTText: 5c51df3f08cb9dedc6e790161195d12bac06101c
  React-RCTVibration: ae4f914cfe8de7d4de95ae1ea6cc8f6315d73d9d
  ReactCommon: 73d79c7039f473b76db6ff7c6b159c478acbbb3b
  rn-fetch-blob: f065bb7ab7fb48dd002629f8bdcb0336602d3cba
  RNCAsyncStorage: e0dd7c8a36543b4ef84969acd9f8aceba3a92dc2
  RNCClipboard: 41d8d918092ae8e676f18adada19104fa3e68495
  RNCMaskedView: 0e1bc4bfa8365eba5fbbb71e07fbdc0555249489
  RNColorMatrixImageFilters: 9b6a80ef1337e327d8b9a1c27d50e753bdcc252f
  RNDeviceInfo: c5f8f3a456adcbba405ace475254b08febc4c095
  RNExitApp: c4e052df2568b43bec8a37c7cd61194d4cfee2c3
  RNFastImage: d4870d58f5936111c56218dbd7fcfc18e65b58ff
  RNFBAnalytics: 9337a84539ea8497409a8c1db1c301dc1b2b3858
  RNFBApp: 6e20f07b316346d96737191f377777f61f51a8d2
  RNFBAuth: e2ba12680f849537c643e049df5f0d0d4f1b0ee1
  RNFBCrashlytics: 649e0fa724d807362cb4265069fea98b2960c46b
  RNFBMessaging: eb8d1b08795c8718706007ed0743732d00e1acc4
  RNFBPerf: 6b2468912af04481db2c3b4e13a1a121425b29f0
  RNFBRemoteConfig: 95812cc586fbe7a20dadd7eb4cd0a0f1b8e34ce2
  RNGestureHandler: a479ebd5ed4221a810967000735517df0d2db211
  RNImageCropPicker: 9d1a7eea4f8368fc479cbd2bf26459bd3c74d9aa
  RNInAppBrowser: c1a0dad2734458d79bcb6c8f4297ba8658a1da9f
  RNInstabug: 8a9fce2082e67d94ddbc62267b209a8fe1ce200f
  RNKeychain: 4f63aada75ebafd26f4bc2c670199461eab85d94
  RNLocalize: 7c7aeda16c01db7a0918981c14875c0a53be9b79
  RNOS: 6f2f9a70895bbbfbdad7196abd952e7b01d45027
  RNPermissions: 5df468064df661a4c8c017e2791ce90d7695eea5
  RNReanimated: c1b56d030d1616239861534d9adb531f8cffab68
  RNScreens: f7ad633b2e0190b77b6a7aab7f914fad6f198d8d
  RNScrypt: 95fdef077b482e9fdf8a761120cb69d129ef4016
  RNSentry: 6f8f9ee7e4c939dcd35e5633b94d0e3782888e46
  RNShare: 48cf88cadf9ca2143cdaa557c1ec7f8808040ffc
  RNSVG: 302bfc9905bd8122f08966dc2ce2d07b7b52b9f8
  RNVectorIcons: 368d6d8b8301224e5ffb6254191f4f8876c2be0d
  RSKImageCropper: 1ac71e9a82e3f41eea3eedfff8eacb0d3821c9ec
  SDWebImage: 9169792e9eec3e45bba2a0c02f74bf8bd922d1ee
  SDWebImageWebPCoder: d0dac55073088d24b2ac1b191a71a8f8d0adac21
  Sentry: 9d055e2de30a77685e86b219acf02e59b82091fc
  Storyly: f606e22e194f14b3bb49c5b2d7cee8549a36d14c
  storyly-react-native: 729e7332d67fef06c44b6ec8fd6168f44e656cf0
  SwiftyGif: 6c3eafd0ce693cad58bb63d2b2fb9bacb8552780
  TcpSockets: bd31674146c0931a064fc254a59812dfd1a73ae0
  toolbar-android: 2a73856e98b750d7e71ce4644d3f41cc98211719
  Yoga: 4bd86afe9883422a7c4028c00e34790f560923d6

PODFILE CHECKSUM: 9777448f338d36bea98b46251a9994ce851ee278

COCOAPODS: 1.11.3
