PODS:
  - boost-for-react-native (1.63.0)
  - Branch (0.31.3):
    - Branch/Core (= 0.31.3)
  - Branch/Core (0.31.3)
  - BVLinearGradient (2.5.4):
    - React
  - CocoaAsyncSocket (7.6.5)
  - CocoaLibEvent (1.0.0)
  - DoubleConversion (1.1.6)
  - FBLazyVector (0.63.4)
  - FBReactNativeSpec (0.63.4):
    - Folly (= 2020.01.13.00)
    - RCTRequired (= 0.63.4)
    - RCTTypeSafety (= 0.63.4)
    - React-Core (= 0.63.4)
    - React-jsi (= 0.63.4)
    - ReactCommon/turbomodule/core (= 0.63.4)
  - Firebase/Analytics (6.27.1):
    - Firebase/Core
  - Firebase/Core (6.27.1):
    - Firebase/CoreOnly
    - FirebaseAnalytics (= 6.6.2)
  - Firebase/CoreOnly (6.27.1):
    - FirebaseCore (= 6.8.1)
  - Firebase/Crashlytics (6.27.1):
    - Firebase/CoreOnly
    - FirebaseCrashlytics (~> 4.2.0)
  - Firebase/Messaging (6.27.1):
    - Firebase/CoreOnly
    - FirebaseMessaging (~> 4.5.0)
  - Firebase/Performance (6.27.1):
    - Firebase/CoreOnly
    - FirebasePerformance (~> 3.1.11)
  - Firebase/RemoteConfig (6.27.1):
    - Firebase/CoreOnly
    - FirebaseRemoteConfig (~> 4.6.0)
  - FirebaseABTesting (3.3.0):
    - FirebaseCore (~> 6.8)
    - Protobuf (>= 3.9.2, ~> 3.9)
  - FirebaseAnalytics (6.6.2):
    - FirebaseCore (~> 6.8)
    - FirebaseInstallations (~> 1.4)
    - GoogleAppMeasurement (= 6.6.2)
    - GoogleUtilities/AppDelegateSwizzler (~> 6.0)
    - GoogleUtilities/MethodSwizzler (~> 6.0)
    - GoogleUtilities/Network (~> 6.0)
    - "GoogleUtilities/NSData+zlib (~> 6.0)"
    - nanopb (~> 1.30905.0)
  - FirebaseCore (6.8.1):
    - FirebaseCoreDiagnostics (~> 1.3)
    - GoogleUtilities/Environment (~> 6.5)
    - GoogleUtilities/Logger (~> 6.5)
  - FirebaseCoreDiagnostics (1.4.0):
    - GoogleDataTransportCCTSupport (~> 3.1)
    - GoogleUtilities/Environment (~> 6.5)
    - GoogleUtilities/Logger (~> 6.5)
    - nanopb (~> 1.30905.0)
  - FirebaseCrashlytics (4.2.0):
    - FirebaseCore (~> 6.8)
    - FirebaseInstallations (~> 1.1)
    - GoogleDataTransport (~> 6.1)
    - GoogleDataTransportCCTSupport (~> 3.1)
    - nanopb (~> 1.30905.0)
    - PromisesObjC (~> 1.2)
  - FirebaseInstallations (1.5.0):
    - FirebaseCore (~> 6.8)
    - GoogleUtilities/Environment (~> 6.7)
    - GoogleUtilities/UserDefaults (~> 6.7)
    - PromisesObjC (~> 1.2)
  - FirebaseInstanceID (4.5.1):
    - FirebaseCore (~> 6.8)
    - FirebaseInstallations (~> 1.0)
    - GoogleUtilities/Environment (~> 6.7)
    - GoogleUtilities/UserDefaults (~> 6.7)
  - FirebaseMessaging (4.5.0):
    - FirebaseCore (~> 6.8)
    - FirebaseInstanceID (~> 4.3)
    - GoogleUtilities/AppDelegateSwizzler (~> 6.5)
    - GoogleUtilities/Environment (~> 6.5)
    - GoogleUtilities/Reachability (~> 6.5)
    - GoogleUtilities/UserDefaults (~> 6.5)
    - Protobuf (>= 3.9.2, ~> 3.9)
  - FirebasePerformance (3.1.11):
    - FirebaseCore (~> 6.6)
    - FirebaseInstallations (~> 1.1)
    - FirebaseRemoteConfig (~> 4.4)
    - GoogleToolboxForMac/Logger (~> 2.1)
    - "GoogleToolboxForMac/NSData+zlib (~> 2.1)"
    - GoogleUtilities/Environment (~> 6.2)
    - GoogleUtilities/ISASwizzler (~> 6.2)
    - GoogleUtilities/MethodSwizzler (~> 6.2)
    - GTMSessionFetcher/Core (~> 1.1)
    - Protobuf (~> 3.9)
  - FirebaseRemoteConfig (4.6.0):
    - FirebaseABTesting (~> 3.1)
    - FirebaseCore (~> 6.8)
    - FirebaseInstallations (~> 1.1)
    - GoogleUtilities/Environment (~> 6.2)
    - "GoogleUtilities/NSData+zlib (~> 6.2)"
  - Flipper (0.54.0):
    - Flipper-Folly (~> 2.2)
    - Flipper-RSocket (~> 1.1)
  - Flipper-DoubleConversion (1.1.7)
  - Flipper-Folly (2.3.0):
    - boost-for-react-native
    - CocoaLibEvent (~> 1.0)
    - Flipper-DoubleConversion
    - Flipper-Glog
    - OpenSSL-Universal (= 1.0.2.20)
  - Flipper-Glog (0.3.6)
  - Flipper-PeerTalk (0.0.4)
  - Flipper-RSocket (1.1.0):
    - Flipper-Folly (~> 2.2)
  - FlipperKit (0.54.0):
    - FlipperKit/Core (= 0.54.0)
  - FlipperKit/Core (0.54.0):
    - Flipper (~> 0.54.0)
    - FlipperKit/CppBridge
    - FlipperKit/FBCxxFollyDynamicConvert
    - FlipperKit/FBDefines
    - FlipperKit/FKPortForwarding
  - FlipperKit/CppBridge (0.54.0):
    - Flipper (~> 0.54.0)
  - FlipperKit/FBCxxFollyDynamicConvert (0.54.0):
    - Flipper-Folly (~> 2.2)
  - FlipperKit/FBDefines (0.54.0)
  - FlipperKit/FKPortForwarding (0.54.0):
    - CocoaAsyncSocket (~> 7.6)
    - Flipper-PeerTalk (~> 0.0.4)
  - FlipperKit/FlipperKitHighlightOverlay (0.54.0)
  - FlipperKit/FlipperKitLayoutPlugin (0.54.0):
    - FlipperKit/Core
    - FlipperKit/FlipperKitHighlightOverlay
    - FlipperKit/FlipperKitLayoutTextSearchable
    - YogaKit (~> 1.18)
  - FlipperKit/FlipperKitLayoutTextSearchable (0.54.0)
  - FlipperKit/FlipperKitNetworkPlugin (0.54.0):
    - FlipperKit/Core
  - FlipperKit/FlipperKitReactPlugin (0.54.0):
    - FlipperKit/Core
  - FlipperKit/FlipperKitUserDefaultsPlugin (0.54.0):
    - FlipperKit/Core
  - FlipperKit/SKIOSNetworkPlugin (0.54.0):
    - FlipperKit/Core
    - FlipperKit/FlipperKitNetworkPlugin
  - Folly (2020.01.13.00):
    - boost-for-react-native
    - DoubleConversion
    - Folly/Default (= 2020.01.13.00)
    - glog
  - Folly/Default (2020.01.13.00):
    - boost-for-react-native
    - DoubleConversion
    - glog
  - glog (0.3.5)
  - GoogleAppMeasurement (6.6.2):
    - GoogleUtilities/AppDelegateSwizzler (~> 6.0)
    - GoogleUtilities/MethodSwizzler (~> 6.0)
    - GoogleUtilities/Network (~> 6.0)
    - "GoogleUtilities/NSData+zlib (~> 6.0)"
    - nanopb (~> 1.30905.0)
  - GoogleDataTransport (6.2.1)
  - GoogleDataTransportCCTSupport (3.2.0):
    - GoogleDataTransport (~> 6.1)
    - nanopb (~> 1.30905.0)
  - GoogleToolboxForMac/Defines (2.3.0)
  - GoogleToolboxForMac/Logger (2.3.0):
    - GoogleToolboxForMac/Defines (= 2.3.0)
  - "GoogleToolboxForMac/NSData+zlib (2.3.0)":
    - GoogleToolboxForMac/Defines (= 2.3.0)
  - GoogleUtilities/AppDelegateSwizzler (6.7.2):
    - GoogleUtilities/Environment
    - GoogleUtilities/Logger
    - GoogleUtilities/Network
  - GoogleUtilities/Environment (6.7.2):
    - PromisesObjC (~> 1.2)
  - GoogleUtilities/ISASwizzler (6.7.2)
  - GoogleUtilities/Logger (6.7.2):
    - GoogleUtilities/Environment
  - GoogleUtilities/MethodSwizzler (6.7.2):
    - GoogleUtilities/Logger
  - GoogleUtilities/Network (6.7.2):
    - GoogleUtilities/Logger
    - "GoogleUtilities/NSData+zlib"
    - GoogleUtilities/Reachability
  - "GoogleUtilities/NSData+zlib (6.7.2)"
  - GoogleUtilities/Reachability (6.7.2):
    - GoogleUtilities/Logger
  - GoogleUtilities/UserDefaults (6.7.2):
    - GoogleUtilities/Logger
  - GTMSessionFetcher/Core (1.5.0)
  - instabug-reactnative (10.0.0):
    - React
  - Intercom (5.5.2)
  - libwebp (1.1.0):
    - libwebp/demux (= 1.1.0)
    - libwebp/mux (= 1.1.0)
    - libwebp/webp (= 1.1.0)
  - libwebp/demux (1.1.0):
    - libwebp/webp
  - libwebp/mux (1.1.0):
    - libwebp/demux
  - libwebp/webp (1.1.0)
  - lottie-ios (3.1.3)
  - lottie-react-native (3.4.0):
    - lottie-ios (~> 3.1.3)
    - React
  - nanopb (1.30905.0):
    - nanopb/decode (= 1.30905.0)
    - nanopb/encode (= 1.30905.0)
  - nanopb/decode (1.30905.0)
  - nanopb/encode (1.30905.0)
  - OpenSSL-Universal (1.0.2.20):
    - OpenSSL-Universal/Static (= 1.0.2.20)
  - OpenSSL-Universal/Static (1.0.2.20)
  - Permission-Camera (2.1.5):
    - RNPermissions
  - Permission-FaceID (2.1.5):
    - RNPermissions
  - Permission-PhotoLibrary (2.1.5):
    - RNPermissions
  - PromisesObjC (1.2.12)
  - Protobuf (3.14.0)
  - QBImagePickerController (3.4.0)
  - RCTRequired (0.63.4)
  - RCTTypeSafety (0.63.4):
    - FBLazyVector (= 0.63.4)
    - Folly (= 2020.01.13.00)
    - RCTRequired (= 0.63.4)
    - React-Core (= 0.63.4)
  - React (0.63.4):
    - React-Core (= 0.63.4)
    - React-Core/DevSupport (= 0.63.4)
    - React-Core/RCTWebSocket (= 0.63.4)
    - React-RCTActionSheet (= 0.63.4)
    - React-RCTAnimation (= 0.63.4)
    - React-RCTBlob (= 0.63.4)
    - React-RCTImage (= 0.63.4)
    - React-RCTLinking (= 0.63.4)
    - React-RCTNetwork (= 0.63.4)
    - React-RCTSettings (= 0.63.4)
    - React-RCTText (= 0.63.4)
    - React-RCTVibration (= 0.63.4)
  - React-callinvoker (0.63.4)
  - React-Core (0.63.4):
    - Folly (= 2020.01.13.00)
    - glog
    - React-Core/Default (= 0.63.4)
    - React-cxxreact (= 0.63.4)
    - React-jsi (= 0.63.4)
    - React-jsiexecutor (= 0.63.4)
    - Yoga
  - React-Core/CoreModulesHeaders (0.63.4):
    - Folly (= 2020.01.13.00)
    - glog
    - React-Core/Default
    - React-cxxreact (= 0.63.4)
    - React-jsi (= 0.63.4)
    - React-jsiexecutor (= 0.63.4)
    - Yoga
  - React-Core/Default (0.63.4):
    - Folly (= 2020.01.13.00)
    - glog
    - React-cxxreact (= 0.63.4)
    - React-jsi (= 0.63.4)
    - React-jsiexecutor (= 0.63.4)
    - Yoga
  - React-Core/DevSupport (0.63.4):
    - Folly (= 2020.01.13.00)
    - glog
    - React-Core/Default (= 0.63.4)
    - React-Core/RCTWebSocket (= 0.63.4)
    - React-cxxreact (= 0.63.4)
    - React-jsi (= 0.63.4)
    - React-jsiexecutor (= 0.63.4)
    - React-jsinspector (= 0.63.4)
    - Yoga
  - React-Core/RCTActionSheetHeaders (0.63.4):
    - Folly (= 2020.01.13.00)
    - glog
    - React-Core/Default
    - React-cxxreact (= 0.63.4)
    - React-jsi (= 0.63.4)
    - React-jsiexecutor (= 0.63.4)
    - Yoga
  - React-Core/RCTAnimationHeaders (0.63.4):
    - Folly (= 2020.01.13.00)
    - glog
    - React-Core/Default
    - React-cxxreact (= 0.63.4)
    - React-jsi (= 0.63.4)
    - React-jsiexecutor (= 0.63.4)
    - Yoga
  - React-Core/RCTBlobHeaders (0.63.4):
    - Folly (= 2020.01.13.00)
    - glog
    - React-Core/Default
    - React-cxxreact (= 0.63.4)
    - React-jsi (= 0.63.4)
    - React-jsiexecutor (= 0.63.4)
    - Yoga
  - React-Core/RCTImageHeaders (0.63.4):
    - Folly (= 2020.01.13.00)
    - glog
    - React-Core/Default
    - React-cxxreact (= 0.63.4)
    - React-jsi (= 0.63.4)
    - React-jsiexecutor (= 0.63.4)
    - Yoga
  - React-Core/RCTLinkingHeaders (0.63.4):
    - Folly (= 2020.01.13.00)
    - glog
    - React-Core/Default
    - React-cxxreact (= 0.63.4)
    - React-jsi (= 0.63.4)
    - React-jsiexecutor (= 0.63.4)
    - Yoga
  - React-Core/RCTNetworkHeaders (0.63.4):
    - Folly (= 2020.01.13.00)
    - glog
    - React-Core/Default
    - React-cxxreact (= 0.63.4)
    - React-jsi (= 0.63.4)
    - React-jsiexecutor (= 0.63.4)
    - Yoga
  - React-Core/RCTSettingsHeaders (0.63.4):
    - Folly (= 2020.01.13.00)
    - glog
    - React-Core/Default
    - React-cxxreact (= 0.63.4)
    - React-jsi (= 0.63.4)
    - React-jsiexecutor (= 0.63.4)
    - Yoga
  - React-Core/RCTTextHeaders (0.63.4):
    - Folly (= 2020.01.13.00)
    - glog
    - React-Core/Default
    - React-cxxreact (= 0.63.4)
    - React-jsi (= 0.63.4)
    - React-jsiexecutor (= 0.63.4)
    - Yoga
  - React-Core/RCTVibrationHeaders (0.63.4):
    - Folly (= 2020.01.13.00)
    - glog
    - React-Core/Default
    - React-cxxreact (= 0.63.4)
    - React-jsi (= 0.63.4)
    - React-jsiexecutor (= 0.63.4)
    - Yoga
  - React-Core/RCTWebSocket (0.63.4):
    - Folly (= 2020.01.13.00)
    - glog
    - React-Core/Default (= 0.63.4)
    - React-cxxreact (= 0.63.4)
    - React-jsi (= 0.63.4)
    - React-jsiexecutor (= 0.63.4)
    - Yoga
  - React-CoreModules (0.63.4):
    - FBReactNativeSpec (= 0.63.4)
    - Folly (= 2020.01.13.00)
    - RCTTypeSafety (= 0.63.4)
    - React-Core/CoreModulesHeaders (= 0.63.4)
    - React-jsi (= 0.63.4)
    - React-RCTImage (= 0.63.4)
    - ReactCommon/turbomodule/core (= 0.63.4)
  - React-cxxreact (0.63.4):
    - boost-for-react-native (= 1.63.0)
    - DoubleConversion
    - Folly (= 2020.01.13.00)
    - glog
    - React-callinvoker (= 0.63.4)
    - React-jsinspector (= 0.63.4)
  - React-jsi (0.63.4):
    - boost-for-react-native (= 1.63.0)
    - DoubleConversion
    - Folly (= 2020.01.13.00)
    - glog
    - React-jsi/Default (= 0.63.4)
  - React-jsi/Default (0.63.4):
    - boost-for-react-native (= 1.63.0)
    - DoubleConversion
    - Folly (= 2020.01.13.00)
    - glog
  - React-jsiexecutor (0.63.4):
    - DoubleConversion
    - Folly (= 2020.01.13.00)
    - glog
    - React-cxxreact (= 0.63.4)
    - React-jsi (= 0.63.4)
  - React-jsinspector (0.63.4)
  - react-native-appearance (0.3.4):
    - React
  - react-native-background-timer (2.1.1):
    - React
  - react-native-branch (4.4.0):
    - Branch (= 0.31.3)
    - React
  - react-native-camera (3.28.0):
    - React
    - react-native-camera/RCT (= 3.28.0)
    - react-native-camera/RN (= 3.28.0)
  - react-native-camera/RCT (3.28.0):
    - React
  - react-native-camera/RN (3.28.0):
    - React
  - react-native-contacts (5.0.7):
    - React
  - react-native-cookies (3.2.0):
    - React
  - react-native-date-picker (3.0.2):
    - React
  - react-native-intercom (13.2.0):
    - Intercom (~> 5.5.1)
    - React
  - react-native-netinfo (5.9.2):
    - React
  - react-native-notifications (3.2.2):
    - React
  - react-native-randombytes (3.5.3):
    - React
  - react-native-restart (0.0.17):
    - React
  - react-native-safe-area-context (3.1.9):
    - React-Core
  - react-native-splash-screen (3.2.0):
    - React
  - react-native-udp (2.7.0):
    - CocoaAsyncSocket
    - React
  - react-native-webview (10.2.3):
    - React
  - React-RCTActionSheet (0.63.4):
    - React-Core/RCTActionSheetHeaders (= 0.63.4)
  - React-RCTAnimation (0.63.4):
    - FBReactNativeSpec (= 0.63.4)
    - Folly (= 2020.01.13.00)
    - RCTTypeSafety (= 0.63.4)
    - React-Core/RCTAnimationHeaders (= 0.63.4)
    - React-jsi (= 0.63.4)
    - ReactCommon/turbomodule/core (= 0.63.4)
  - React-RCTBlob (0.63.4):
    - FBReactNativeSpec (= 0.63.4)
    - Folly (= 2020.01.13.00)
    - React-Core/RCTBlobHeaders (= 0.63.4)
    - React-Core/RCTWebSocket (= 0.63.4)
    - React-jsi (= 0.63.4)
    - React-RCTNetwork (= 0.63.4)
    - ReactCommon/turbomodule/core (= 0.63.4)
  - React-RCTImage (0.63.4):
    - FBReactNativeSpec (= 0.63.4)
    - Folly (= 2020.01.13.00)
    - RCTTypeSafety (= 0.63.4)
    - React-Core/RCTImageHeaders (= 0.63.4)
    - React-jsi (= 0.63.4)
    - React-RCTNetwork (= 0.63.4)
    - ReactCommon/turbomodule/core (= 0.63.4)
  - React-RCTLinking (0.63.4):
    - FBReactNativeSpec (= 0.63.4)
    - React-Core/RCTLinkingHeaders (= 0.63.4)
    - React-jsi (= 0.63.4)
    - ReactCommon/turbomodule/core (= 0.63.4)
  - React-RCTNetwork (0.63.4):
    - FBReactNativeSpec (= 0.63.4)
    - Folly (= 2020.01.13.00)
    - RCTTypeSafety (= 0.63.4)
    - React-Core/RCTNetworkHeaders (= 0.63.4)
    - React-jsi (= 0.63.4)
    - ReactCommon/turbomodule/core (= 0.63.4)
  - React-RCTSettings (0.63.4):
    - FBReactNativeSpec (= 0.63.4)
    - Folly (= 2020.01.13.00)
    - RCTTypeSafety (= 0.63.4)
    - React-Core/RCTSettingsHeaders (= 0.63.4)
    - React-jsi (= 0.63.4)
    - ReactCommon/turbomodule/core (= 0.63.4)
  - React-RCTText (0.63.4):
    - React-Core/RCTTextHeaders (= 0.63.4)
  - React-RCTVibration (0.63.4):
    - FBReactNativeSpec (= 0.63.4)
    - Folly (= 2020.01.13.00)
    - React-Core/RCTVibrationHeaders (= 0.63.4)
    - React-jsi (= 0.63.4)
    - ReactCommon/turbomodule/core (= 0.63.4)
  - ReactCommon/turbomodule/core (0.63.4):
    - DoubleConversion
    - Folly (= 2020.01.13.00)
    - glog
    - React-callinvoker (= 0.63.4)
    - React-Core (= 0.63.4)
    - React-cxxreact (= 0.63.4)
    - React-jsi (= 0.63.4)
  - rn-fetch-blob (0.12.0):
    - React-Core
  - RNCAsyncStorage (1.8.1):
    - React
  - RNCClipboard (1.5.1):
    - React-Core
  - RNCMaskedView (0.1.10):
    - React
  - RNColorMatrixImageFilters (5.2.4):
    - React
  - RNDeviceInfo (5.6.1):
    - React
  - RNFastImage (8.3.4):
    - React-Core
    - SDWebImage (~> 5.8)
    - SDWebImageWebPCoder (~> 0.6.1)
  - RNFBAnalytics (7.3.1):
    - Firebase/Analytics (~> 6.27.0)
    - React
    - RNFBApp
  - RNFBApp (8.2.0):
    - Firebase/CoreOnly (~> 6.27.0)
    - React
  - RNFBCrashlytics (8.1.2):
    - Firebase/Core (~> 6.27.0)
    - Firebase/Crashlytics (~> 6.27.0)
    - React
    - RNFBApp
  - RNFBIid (7.2.2):
    - Firebase/CoreOnly (~> 6.27.0)
    - FirebaseInstanceID
    - React
    - RNFBApp
  - RNFBMessaging (7.4.2):
    - Firebase/Analytics (~> 6.27.0)
    - Firebase/Messaging (~> 6.27.0)
    - React
    - RNFBApp
  - RNFBPerf (7.2.2):
    - Firebase/Performance (~> 6.27.0)
    - React
    - RNFBApp
  - RNFBRemoteConfig (8.0.0):
    - Firebase/Analytics (~> 6.27.0)
    - Firebase/RemoteConfig (~> 6.27.0)
    - React
    - RNFBApp
  - RNGestureHandler (1.9.0):
    - React-Core
  - RNImageCropPicker (0.26.2):
    - QBImagePickerController
    - React-Core
    - React-RCTImage
    - RSKImageCropper
  - RNInAppBrowser (3.4.0):
    - React
  - RNKeychain (6.1.0):
    - React
  - RNLocalize (1.4.0):
    - React
  - RNOS (1.2.6):
    - React
  - RNPermissions (2.1.5):
    - React
  - RNReanimated (1.13.2):
    - React-Core
  - RNScreens (2.15.1):
    - React-Core
  - RNScrypt (1.1.2):
    - React
  - RNSentry (1.7.1):
    - React
    - Sentry (~> 5.2.0)
  - RNShare (1.2.1):
    - React
  - RNSVG (12.1.0):
    - React
  - RNVectorIcons (6.6.0):
    - React
  - RSKImageCropper (3.0.1)
  - SDWebImage (5.10.2):
    - SDWebImage/Core (= 5.10.2)
  - SDWebImage/Core (5.10.2)
  - SDWebImageWebPCoder (0.6.1):
    - libwebp (~> 1.0)
    - SDWebImage/Core (~> 5.7)
  - Sentry (5.2.2):
    - Sentry/Core (= 5.2.2)
  - Sentry/Core (5.2.2)
  - SwiftyGif (5.3.0)
  - TcpSockets (3.3.2):
    - CocoaAsyncSocket
    - React
  - Yoga (1.14.0)
  - YogaKit (1.18.1):
    - Yoga (~> 1.14)

DEPENDENCIES:
  - BVLinearGradient (from `../node_modules/react-native-linear-gradient`)
  - DoubleConversion (from `../node_modules/react-native/third-party-podspecs/DoubleConversion.podspec`)
  - FBLazyVector (from `../node_modules/react-native/Libraries/FBLazyVector`)
  - FBReactNativeSpec (from `../node_modules/react-native/Libraries/FBReactNativeSpec`)
  - Flipper (~> 0.54.0)
  - Flipper-DoubleConversion (= 1.1.7)
  - Flipper-Folly (~> 2.2)
  - Flipper-Glog (= 0.3.6)
  - Flipper-PeerTalk (~> 0.0.4)
  - Flipper-RSocket (~> 1.1)
  - FlipperKit (~> 0.54.0)
  - FlipperKit/Core (~> 0.54.0)
  - FlipperKit/CppBridge (~> 0.54.0)
  - FlipperKit/FBCxxFollyDynamicConvert (~> 0.54.0)
  - FlipperKit/FBDefines (~> 0.54.0)
  - FlipperKit/FKPortForwarding (~> 0.54.0)
  - FlipperKit/FlipperKitHighlightOverlay (~> 0.54.0)
  - FlipperKit/FlipperKitLayoutPlugin (~> 0.54.0)
  - FlipperKit/FlipperKitLayoutTextSearchable (~> 0.54.0)
  - FlipperKit/FlipperKitNetworkPlugin (~> 0.54.0)
  - FlipperKit/FlipperKitReactPlugin (~> 0.54.0)
  - FlipperKit/FlipperKitUserDefaultsPlugin (~> 0.54.0)
  - FlipperKit/SKIOSNetworkPlugin (~> 0.54.0)
  - Folly (from `../node_modules/react-native/third-party-podspecs/Folly.podspec`)
  - glog (from `../node_modules/react-native/third-party-podspecs/glog.podspec`)
  - instabug-reactnative (from `../node_modules/instabug-reactnative`)
  - lottie-ios (from `../node_modules/lottie-ios`)
  - lottie-react-native (from `../node_modules/lottie-react-native`)
  - Permission-Camera (from `../node_modules/react-native-permissions/ios/Camera.podspec`)
  - Permission-FaceID (from `../node_modules/react-native-permissions/ios/FaceID.podspec`)
  - Permission-PhotoLibrary (from `../node_modules/react-native-permissions/ios/PhotoLibrary.podspec`)
  - RCTRequired (from `../node_modules/react-native/Libraries/RCTRequired`)
  - RCTTypeSafety (from `../node_modules/react-native/Libraries/TypeSafety`)
  - React (from `../node_modules/react-native/`)
  - React-callinvoker (from `../node_modules/react-native/ReactCommon/callinvoker`)
  - React-Core (from `../node_modules/react-native/`)
  - React-Core/DevSupport (from `../node_modules/react-native/`)
  - React-Core/RCTWebSocket (from `../node_modules/react-native/`)
  - React-CoreModules (from `../node_modules/react-native/React/CoreModules`)
  - React-cxxreact (from `../node_modules/react-native/ReactCommon/cxxreact`)
  - React-jsi (from `../node_modules/react-native/ReactCommon/jsi`)
  - React-jsiexecutor (from `../node_modules/react-native/ReactCommon/jsiexecutor`)
  - React-jsinspector (from `../node_modules/react-native/ReactCommon/jsinspector`)
  - react-native-appearance (from `../node_modules/react-native-appearance`)
  - react-native-background-timer (from `../node_modules/react-native-background-timer`)
  - react-native-branch (from `../node_modules/react-native-branch`)
  - react-native-camera (from `../node_modules/react-native-camera`)
  - react-native-contacts (from `../node_modules/react-native-contacts`)
  - react-native-cookies (from `../node_modules/react-native-cookies/ios`)
  - react-native-date-picker (from `../node_modules/react-native-date-picker`)
  - react-native-intercom (from `../node_modules/react-native-intercom`)
  - "react-native-netinfo (from `../node_modules/@react-native-community/netinfo`)"
  - react-native-notifications (from `../node_modules/react-native-notifications`)
  - react-native-randombytes (from `../node_modules/react-native-randombytes`)
  - react-native-restart (from `../node_modules/react-native-restart`)
  - react-native-safe-area-context (from `../node_modules/react-native-safe-area-context`)
  - react-native-splash-screen (from `../node_modules/react-native-splash-screen`)
  - react-native-udp (from `../node_modules/react-native-udp`)
  - react-native-webview (from `../node_modules/react-native-webview`)
  - React-RCTActionSheet (from `../node_modules/react-native/Libraries/ActionSheetIOS`)
  - React-RCTAnimation (from `../node_modules/react-native/Libraries/NativeAnimation`)
  - React-RCTBlob (from `../node_modules/react-native/Libraries/Blob`)
  - React-RCTImage (from `../node_modules/react-native/Libraries/Image`)
  - React-RCTLinking (from `../node_modules/react-native/Libraries/LinkingIOS`)
  - React-RCTNetwork (from `../node_modules/react-native/Libraries/Network`)
  - React-RCTSettings (from `../node_modules/react-native/Libraries/Settings`)
  - React-RCTText (from `../node_modules/react-native/Libraries/Text`)
  - React-RCTVibration (from `../node_modules/react-native/Libraries/Vibration`)
  - ReactCommon/turbomodule/core (from `../node_modules/react-native/ReactCommon`)
  - rn-fetch-blob (from `../node_modules/rn-fetch-blob`)
  - "RNCAsyncStorage (from `../node_modules/@react-native-community/async-storage`)"
  - "RNCClipboard (from `../node_modules/@react-native-community/clipboard`)"
  - "RNCMaskedView (from `../node_modules/@react-native-community/masked-view`)"
  - RNColorMatrixImageFilters (from `../node_modules/react-native-color-matrix-image-filters`)
  - RNDeviceInfo (from `../node_modules/react-native-device-info`)
  - RNFastImage (from `../node_modules/react-native-fast-image`)
  - "RNFBAnalytics (from `../node_modules/@react-native-firebase/analytics`)"
  - "RNFBApp (from `../node_modules/@react-native-firebase/app`)"
  - "RNFBCrashlytics (from `../node_modules/@react-native-firebase/crashlytics`)"
  - "RNFBIid (from `../node_modules/@react-native-firebase/iid`)"
  - "RNFBMessaging (from `../node_modules/@react-native-firebase/messaging`)"
  - "RNFBPerf (from `../node_modules/@react-native-firebase/perf`)"
  - "RNFBRemoteConfig (from `../node_modules/@react-native-firebase/remote-config`)"
  - RNGestureHandler (from `../node_modules/react-native-gesture-handler`)
  - RNImageCropPicker (from `../node_modules/react-native-image-crop-picker`)
  - RNInAppBrowser (from `../node_modules/react-native-inappbrowser-reborn`)
  - RNKeychain (from `../node_modules/react-native-keychain`)
  - RNLocalize (from `../node_modules/react-native-localize`)
  - RNOS (from `../node_modules/react-native-os`)
  - RNPermissions (from `../node_modules/react-native-permissions`)
  - RNReanimated (from `../node_modules/react-native-reanimated`)
  - RNScreens (from `../node_modules/react-native-screens`)
  - RNScrypt (from `../node_modules/react-native-scrypt`)
  - "RNSentry (from `../node_modules/@sentry/react-native`)"
  - RNShare (from `../node_modules/react-native-share`)
  - RNSVG (from `../node_modules/react-native-svg`)
  - RNVectorIcons (from `../node_modules/react-native-vector-icons`)
  - SwiftyGif
  - TcpSockets (from `../node_modules/react-native-tcp`)
  - Yoga (from `../node_modules/react-native/ReactCommon/yoga`)

SPEC REPOS:
  trunk:
    - boost-for-react-native
    - Branch
    - CocoaAsyncSocket
    - CocoaLibEvent
    - Firebase
    - FirebaseABTesting
    - FirebaseAnalytics
    - FirebaseCore
    - FirebaseCoreDiagnostics
    - FirebaseCrashlytics
    - FirebaseInstallations
    - FirebaseInstanceID
    - FirebaseMessaging
    - FirebasePerformance
    - FirebaseRemoteConfig
    - Flipper
    - Flipper-DoubleConversion
    - Flipper-Folly
    - Flipper-Glog
    - Flipper-PeerTalk
    - Flipper-RSocket
    - FlipperKit
    - GoogleAppMeasurement
    - GoogleDataTransport
    - GoogleDataTransportCCTSupport
    - GoogleToolboxForMac
    - GoogleUtilities
    - GTMSessionFetcher
    - Intercom
    - libwebp
    - nanopb
    - OpenSSL-Universal
    - PromisesObjC
    - Protobuf
    - QBImagePickerController
    - RSKImageCropper
    - SDWebImage
    - SDWebImageWebPCoder
    - Sentry
    - SwiftyGif
    - YogaKit

EXTERNAL SOURCES:
  BVLinearGradient:
    :path: "../node_modules/react-native-linear-gradient"
  DoubleConversion:
    :podspec: "../node_modules/react-native/third-party-podspecs/DoubleConversion.podspec"
  FBLazyVector:
    :path: "../node_modules/react-native/Libraries/FBLazyVector"
  FBReactNativeSpec:
    :path: "../node_modules/react-native/Libraries/FBReactNativeSpec"
  Folly:
    :podspec: "../node_modules/react-native/third-party-podspecs/Folly.podspec"
  glog:
    :podspec: "../node_modules/react-native/third-party-podspecs/glog.podspec"
  instabug-reactnative:
    :path: "../node_modules/instabug-reactnative"
  lottie-ios:
    :path: "../node_modules/lottie-ios"
  lottie-react-native:
    :path: "../node_modules/lottie-react-native"
  Permission-Camera:
    :path: "../node_modules/react-native-permissions/ios/Camera.podspec"
  Permission-FaceID:
    :path: "../node_modules/react-native-permissions/ios/FaceID.podspec"
  Permission-PhotoLibrary:
    :path: "../node_modules/react-native-permissions/ios/PhotoLibrary.podspec"
  RCTRequired:
    :path: "../node_modules/react-native/Libraries/RCTRequired"
  RCTTypeSafety:
    :path: "../node_modules/react-native/Libraries/TypeSafety"
  React:
    :path: "../node_modules/react-native/"
  React-callinvoker:
    :path: "../node_modules/react-native/ReactCommon/callinvoker"
  React-Core:
    :path: "../node_modules/react-native/"
  React-CoreModules:
    :path: "../node_modules/react-native/React/CoreModules"
  React-cxxreact:
    :path: "../node_modules/react-native/ReactCommon/cxxreact"
  React-jsi:
    :path: "../node_modules/react-native/ReactCommon/jsi"
  React-jsiexecutor:
    :path: "../node_modules/react-native/ReactCommon/jsiexecutor"
  React-jsinspector:
    :path: "../node_modules/react-native/ReactCommon/jsinspector"
  react-native-appearance:
    :path: "../node_modules/react-native-appearance"
  react-native-background-timer:
    :path: "../node_modules/react-native-background-timer"
  react-native-branch:
    :path: "../node_modules/react-native-branch"
  react-native-camera:
    :path: "../node_modules/react-native-camera"
  react-native-contacts:
    :path: "../node_modules/react-native-contacts"
  react-native-cookies:
    :path: "../node_modules/react-native-cookies/ios"
  react-native-date-picker:
    :path: "../node_modules/react-native-date-picker"
  react-native-intercom:
    :path: "../node_modules/react-native-intercom"
  react-native-netinfo:
    :path: "../node_modules/@react-native-community/netinfo"
  react-native-notifications:
    :path: "../node_modules/react-native-notifications"
  react-native-randombytes:
    :path: "../node_modules/react-native-randombytes"
  react-native-restart:
    :path: "../node_modules/react-native-restart"
  react-native-safe-area-context:
    :path: "../node_modules/react-native-safe-area-context"
  react-native-splash-screen:
    :path: "../node_modules/react-native-splash-screen"
  react-native-udp:
    :path: "../node_modules/react-native-udp"
  react-native-webview:
    :path: "../node_modules/react-native-webview"
  React-RCTActionSheet:
    :path: "../node_modules/react-native/Libraries/ActionSheetIOS"
  React-RCTAnimation:
    :path: "../node_modules/react-native/Libraries/NativeAnimation"
  React-RCTBlob:
    :path: "../node_modules/react-native/Libraries/Blob"
  React-RCTImage:
    :path: "../node_modules/react-native/Libraries/Image"
  React-RCTLinking:
    :path: "../node_modules/react-native/Libraries/LinkingIOS"
  React-RCTNetwork:
    :path: "../node_modules/react-native/Libraries/Network"
  React-RCTSettings:
    :path: "../node_modules/react-native/Libraries/Settings"
  React-RCTText:
    :path: "../node_modules/react-native/Libraries/Text"
  React-RCTVibration:
    :path: "../node_modules/react-native/Libraries/Vibration"
  ReactCommon:
    :path: "../node_modules/react-native/ReactCommon"
  rn-fetch-blob:
    :path: "../node_modules/rn-fetch-blob"
  RNCAsyncStorage:
    :path: "../node_modules/@react-native-community/async-storage"
  RNCClipboard:
    :path: "../node_modules/@react-native-community/clipboard"
  RNCMaskedView:
    :path: "../node_modules/@react-native-community/masked-view"
  RNColorMatrixImageFilters:
    :path: "../node_modules/react-native-color-matrix-image-filters"
  RNDeviceInfo:
    :path: "../node_modules/react-native-device-info"
  RNFastImage:
    :path: "../node_modules/react-native-fast-image"
  RNFBAnalytics:
    :path: "../node_modules/@react-native-firebase/analytics"
  RNFBApp:
    :path: "../node_modules/@react-native-firebase/app"
  RNFBCrashlytics:
    :path: "../node_modules/@react-native-firebase/crashlytics"
  RNFBIid:
    :path: "../node_modules/@react-native-firebase/iid"
  RNFBMessaging:
    :path: "../node_modules/@react-native-firebase/messaging"
  RNFBPerf:
    :path: "../node_modules/@react-native-firebase/perf"
  RNFBRemoteConfig:
    :path: "../node_modules/@react-native-firebase/remote-config"
  RNGestureHandler:
    :path: "../node_modules/react-native-gesture-handler"
  RNImageCropPicker:
    :path: "../node_modules/react-native-image-crop-picker"
  RNInAppBrowser:
    :path: "../node_modules/react-native-inappbrowser-reborn"
  RNKeychain:
    :path: "../node_modules/react-native-keychain"
  RNLocalize:
    :path: "../node_modules/react-native-localize"
  RNOS:
    :path: "../node_modules/react-native-os"
  RNPermissions:
    :path: "../node_modules/react-native-permissions"
  RNReanimated:
    :path: "../node_modules/react-native-reanimated"
  RNScreens:
    :path: "../node_modules/react-native-screens"
  RNScrypt:
    :path: "../node_modules/react-native-scrypt"
  RNSentry:
    :path: "../node_modules/@sentry/react-native"
  RNShare:
    :path: "../node_modules/react-native-share"
  RNSVG:
    :path: "../node_modules/react-native-svg"
  RNVectorIcons:
    :path: "../node_modules/react-native-vector-icons"
  TcpSockets:
    :path: "../node_modules/react-native-tcp"
  Yoga:
    :path: "../node_modules/react-native/ReactCommon/yoga"

SPEC CHECKSUMS:
  boost-for-react-native: 39c7adb57c4e60d6c5479dd8623128eb5b3f0f2c
  Branch: 9b299693ee54b308ff8c18146afe1f711c2069ec
  BVLinearGradient: 8cbc5155c978f2e43098818c91d206d07aae6d30
  CocoaAsyncSocket: 065fd1e645c7abab64f7a6a2007a48038fdc6a99
  CocoaLibEvent: 2fab71b8bd46dd33ddb959f7928ec5909f838e3f
  DoubleConversion: cde416483dac037923206447da6e1454df403714
  FBLazyVector: 3bb422f41b18121b71783a905c10e58606f7dc3e
  FBReactNativeSpec: f2c97f2529dd79c083355182cc158c9f98f4bd6e
  Firebase: 919186c8e119dd9372a45fd1dd17a8a942bc1892
  FirebaseABTesting: b7f8b6c8c9398e98bb30c4195f697b5b73a330d0
  FirebaseAnalytics: 5fa308e1b13f838d0f6dc74719ac2a72e8c5afc4
  FirebaseCore: 8cd4f8ea22075e0ee582849b1cf79d8816506085
  FirebaseCoreDiagnostics: 4505e4d4009b1d93f605088ee7d7764d5f0d1c84
  FirebaseCrashlytics: 7d0fa02ea8842cc4b2ab07b0735edafde1ad77d6
  FirebaseInstallations: 3c520c951305cbf9ca54eb891ff9e6d1fd384881
  FirebaseInstanceID: c4ad474b87787afd27d09541800620993b457d6f
  FirebaseMessaging: ad9e1a80ea64905e01a0ce1b3eb76a2944544151
  FirebasePerformance: 5652d2004001e886da6dca04f478c695f87c4702
  FirebaseRemoteConfig: 63ae9d14848e645c7f070daa6af89265be48f803
  Flipper: be611d4b742d8c87fbae2ca5f44603a02539e365
  Flipper-DoubleConversion: 38631e41ef4f9b12861c67d17cb5518d06badc41
  Flipper-Folly: e4493b013c02d9347d5e0cb4d128680239f6c78a
  Flipper-Glog: 1dfd6abf1e922806c52ceb8701a3599a79a200a6
  Flipper-PeerTalk: 116d8f857dc6ef55c7a5a75ea3ceaafe878aadc9
  Flipper-RSocket: 64e7431a55835eb953b0bf984ef3b90ae9fdddd7
  FlipperKit: ab353d41aea8aae2ea6daaf813e67496642f3d7d
  Folly: b73c3869541e86821df3c387eb0af5f65addfab4
  glog: 40a13f7840415b9a77023fbcae0f1e6f43192af3
  GoogleAppMeasurement: 8cd1f289d60e629cf16ab03363b9e89c776b9651
  GoogleDataTransport: 9a8a16f79feffc7f42096743de2a7c4815e84020
  GoogleDataTransportCCTSupport: 489c1265d2c85b68187a83a911913d190012158d
  GoogleToolboxForMac: 1350d40e86a76f7863928d63bcb0b89c84c521c5
  GoogleUtilities: 7f2f5a07f888cdb145101d6042bc4422f57e70b3
  GTMSessionFetcher: b3503b20a988c4e20cc189aa798fd18220133f52
  instabug-reactnative: acf00941006b656bb811d819f13c5dd6584f0203
  Intercom: 1151a15e5e7931d8e401671a4357239d44325159
  libwebp: 946cb3063cea9236285f7e9a8505d806d30e07f3
  lottie-ios: 841bf559abaded5aa81796acb770db2a814fb452
  lottie-react-native: a664f59f1f298c2696dd0ae07b15cbdfc433cb02
  nanopb: c43f40fadfe79e8b8db116583945847910cbabc9
  OpenSSL-Universal: ff34003318d5e1163e9529b08470708e389ffcdd
  Permission-Camera: afad27bf90337684d4a86f3825112d648c8c4d3b
  Permission-FaceID: fbdeb41087f35887f0cade55396007fadee3a234
  Permission-PhotoLibrary: 4d2eff62c8f4b8a27bcf045c0e36f5047efbbf20
  PromisesObjC: 3113f7f76903778cf4a0586bd1ab89329a0b7b97
  Protobuf: 0cde852566359049847168e51bd1c690e0f70056
  QBImagePickerController: d54cf93db6decf26baf6ed3472f336ef35cae022
  RCTRequired: 082f10cd3f905d6c124597fd1c14f6f2655ff65e
  RCTTypeSafety: 8c9c544ecbf20337d069e4ae7fd9a377aadf504b
  React: b0a957a2c44da4113b0c4c9853d8387f8e64e615
  React-callinvoker: c3f44dd3cb195b6aa46621fff95ded79d59043fe
  React-Core: d3b2a1ac9a2c13c3bcde712d9281fc1c8a5b315b
  React-CoreModules: 0581ff36cb797da0943d424f69e7098e43e9be60
  React-cxxreact: c1480d4fda5720086c90df537ee7d285d4c57ac3
  React-jsi: a0418934cf48f25b485631deb27c64dc40fb4c31
  React-jsiexecutor: 93bd528844ad21dc07aab1c67cb10abae6df6949
  React-jsinspector: 58aef7155bc9a9683f5b60b35eccea8722a4f53a
  react-native-appearance: 0f0e5fc2fcef70e03d48c8fe6b00b9158c2ba8aa
  react-native-background-timer: 1b6e6b4e10f1b74c367a1fdc3c72b67c619b222b
  react-native-branch: a15b8ecb55c08139e06e7ea15bcadabc81a51e64
  react-native-camera: 8ab02aac456a7db830980cef5f3772644fe96e1f
  react-native-contacts: a30bebe23ddeda7c34bf97cfa5f952201efc5329
  react-native-cookies: 854d59c4135c70b92a02ca4930e68e4e2eb58150
  react-native-date-picker: aec68ba9b276beddd2cf941bd7cebf459ac9d301
  react-native-intercom: 25ceddd224fdf63be29d4e25e95a893e5befe18f
  react-native-netinfo: cb74e17062b2af5a16a4b137f32495f241df1a8e
  react-native-notifications: 3d1c66c8a3eb1857577f283f9f6e9aa505f16346
  react-native-randombytes: 3638d24759d67c68f6ccba60c52a7a8a8faa6a23
  react-native-restart: d19a0f8d053d065fe64cd2baebb6487111c77149
  react-native-safe-area-context: b6e0e284002381d2ff29fa4fff42b4d8282e3c94
  react-native-splash-screen: 200d11d188e2e78cea3ad319964f6142b6384865
  react-native-udp: 96a517e5a121cfe69f4b05eeeafefe00c623debf
  react-native-webview: 0bacc79175bc44869e4c1a015b9bc21df8cf4feb
  React-RCTActionSheet: 89a0ca9f4a06c1f93c26067af074ccdce0f40336
  React-RCTAnimation: 1bde3ecc0c104c55df246eda516e0deb03c4e49b
  React-RCTBlob: a97d378b527740cc667e03ebfa183a75231ab0f0
  React-RCTImage: c1b1f2d3f43a4a528c8946d6092384b5c880d2f0
  React-RCTLinking: 35ae4ab9dc0410d1fcbdce4d7623194a27214fb2
  React-RCTNetwork: 29ec2696f8d8cfff7331fac83d3e893c95ef43ae
  React-RCTSettings: 60f0691bba2074ef394f95d4c2265ec284e0a46a
  React-RCTText: 5c51df3f08cb9dedc6e790161195d12bac06101c
  React-RCTVibration: ae4f914cfe8de7d4de95ae1ea6cc8f6315d73d9d
  ReactCommon: 73d79c7039f473b76db6ff7c6b159c478acbbb3b
  rn-fetch-blob: f065bb7ab7fb48dd002629f8bdcb0336602d3cba
  RNCAsyncStorage: e0dd7c8a36543b4ef84969acd9f8aceba3a92dc2
  RNCClipboard: 41d8d918092ae8e676f18adada19104fa3e68495
  RNCMaskedView: 5a8ec07677aa885546a0d98da336457e2bea557f
  RNColorMatrixImageFilters: c120b5bff0d3c39f0eb3ba1751a4d70ed7f4b56a
  RNDeviceInfo: b6e650fbd234732c759544218657d549b4339038
  RNFastImage: d4870d58f5936111c56218dbd7fcfc18e65b58ff
  RNFBAnalytics: dae6d7b280ba61c96e1bbdd34aca3154388f025e
  RNFBApp: 6fd8a7e757135d4168bf033a8812c241af7363a0
  RNFBCrashlytics: 88de72c2476b5868a892d9523b89b86c527c540e
  RNFBIid: 071e8628049ad9aa5a02ed21506bb5a573096a8a
  RNFBMessaging: d884c58a92ce90687ae8b5a5772cf5d3d5223dfb
  RNFBPerf: 7e0b7d7697aa69205bd1b19e8f118e2833fb7653
  RNFBRemoteConfig: 0247d3532ce786ece85f912e79f6389b31ce6b1a
  RNGestureHandler: 9b7e605a741412e20e13c512738a31bd1611759b
  RNImageCropPicker: 9d1a7eea4f8368fc479cbd2bf26459bd3c74d9aa
  RNInAppBrowser: c1a0dad2734458d79bcb6c8f4297ba8658a1da9f
  RNKeychain: 7cab1c45629f265ebccd8d737cd4cb5b23a865df
  RNLocalize: b6df30cc25ae736d37874f9bce13351db2f56796
  RNOS: 6f2f9a70895bbbfbdad7196abd952e7b01d45027
  RNPermissions: ad71dd4f767ec254f2cd57592fbee02afee75467
  RNReanimated: e03f7425cb7a38dcf1b644d680d1bfc91c3337ad
  RNScreens: 8aca37f78a2c5d8b50e400612618d00c03695a8c
  RNScrypt: dd5e6b7daa3b84e2f21e2342efda2f183856ea90
  RNSentry: 2bae4ffee2e66376ef42cb845a494c3bde17bc56
  RNShare: 48cf88cadf9ca2143cdaa557c1ec7f8808040ffc
  RNSVG: ce9d996113475209013317e48b05c21ee988d42e
  RNVectorIcons: 0bb4def82230be1333ddaeee9fcba45f0b288ed4
  RSKImageCropper: 617b4976e4a0ca18f3ce84f6cfa5945e574b51a3
  SDWebImage: b969dcfc02c40a5da71eac0b03b8f1a0c794a86f
  SDWebImageWebPCoder: d0dac55073088d24b2ac1b191a71a8f8d0adac21
  Sentry: 8fa58a051237554f22507fb483b9a1de0171a2dc
  SwiftyGif: e466e86c660d343357ab944a819a101c4127cb40
  TcpSockets: bd31674146c0931a064fc254a59812dfd1a73ae0
  Yoga: 4bd86afe9883422a7c4028c00e34790f560923d6
  YogaKit: f782866e155069a2cca2517aafea43200b01fd5a

PODFILE CHECKSUM: ddcffe1252be92816fa2afd9f9de1b2ad1e5d51b

COCOAPODS: 1.9.3
